
Microsoft Visual Studio Solution File, Format Version 12.00
# Visual Studio 15
VisualStudioVersion = 15.0.28307.421
MinimumVisualStudioVersion = 10.0.40219.1
Project("{FAE04EC0-301F-11D3-BF4B-00C04F79EFBC}") = "ActionInMethodsIntoParameter", "ActionInMethodsIntoParameter\ActionInMethodsIntoParameter.csproj", "{002C1D48-52C5-4EDF-9C85-76373A7FE9CE}"
EndProject
Global
	GlobalSection(SolutionConfigurationPlatforms) = preSolution
		Debug|Any CPU = Debug|Any CPU
		Release|Any CPU = Release|Any CPU
	EndGlobalSection
	GlobalSection(ProjectConfigurationPlatforms) = postSolution
		{002C1D48-52C5-4EDF-9C85-76373A7FE9CE}.Debug|Any CPU.ActiveCfg = Debug|Any CPU
		{002C1D48-52C5-4EDF-9C85-76373A7FE9CE}.Debug|Any CPU.Build.0 = Debug|Any CPU
		{002C1D48-52C5-4EDF-9C85-76373A7FE9CE}.Release|Any CPU.ActiveCfg = Release|Any CPU
		{002C1D48-52C5-4EDF-9C85-76373A7FE9CE}.Release|Any CPU.Build.0 = Release|Any CPU
	EndGlobalSection
	GlobalSection(SolutionProperties) = preSolution
		HideSolutionNode = FALSE
	EndGlobalSection
	GlobalSection(ExtensibilityGlobals) = postSolution
		SolutionGuid = {187264C8-196A-4D49-9F1F-417C5FBAEA81}
	EndGlobalSection
EndGlobal
